
Microsoft Visual Studio Solution File, Format Version 12.00
# Visual Studio Version 17
VisualStudioVersion = 17.3.32901.215
MinimumVisualStudioVersion = 10.0.40219.1
Project("{FAE04EC0-301F-11D3-BF4B-00C04F79EFBC}") = "Gecti-Kaldı", "Gecti-Kaldı\Gecti-Kaldı.csproj", "{A9E4EC50-D58A-4DF0-AEDF-A7ADBD55DAD6}"
EndProject
Global
	GlobalSection(SolutionConfigurationPlatforms) = preSolution
		Debug|Any CPU = Debug|Any CPU
		Release|Any CPU = Release|Any CPU
	EndGlobalSection
	GlobalSection(ProjectConfigurationPlatforms) = postSolution
		{A9E4EC50-D58A-4DF0-AEDF-A7ADBD55DAD6}.Debug|Any CPU.ActiveCfg = Debug|Any CPU
		{A9E4EC50-D58A-4DF0-AEDF-A7ADBD55DAD6}.Debug|Any CPU.Build.0 = Debug|Any CPU
		{A9E4EC50-D58A-4DF0-AEDF-A7ADBD55DAD6}.Release|Any CPU.ActiveCfg = Release|Any CPU
		{A9E4EC50-D58A-4DF0-AEDF-A7ADBD55DAD6}.Release|Any CPU.Build.0 = Release|Any CPU
	EndGlobalSection
	GlobalSection(SolutionProperties) = preSolution
		HideSolutionNode = FALSE
	EndGlobalSection
	GlobalSection(ExtensibilityGlobals) = postSolution
		SolutionGuid = {6C6C5D48-5038-457B-B4F1-47FB17121339}
	EndGlobalSection
EndGlobal
